{
  "name": "pattern-collector-routesjs-import-extract",
  "version": "1.6.1",
  "lockfileVersion": 3,
  "requires": true,
  "packages": {
    "": {
      "name": "pattern-collector-routesjs-import-extract",
      "version": "1.6.1",
      "dependencies": {
        "pattern-collector-routesjs-import": "^1.4.7"
      }
    },
    "node_modules/pattern-collector": {
      "version": "1.5.10",
      "resolved": "https://registry.npmjs.org/pattern-collector/-/pattern-collector-1.5.10.tgz",
      "integrity": "sha512-t3X0fzfRGF6uVta4S6OyY892jh69J6KwdHIyDBctnWO1owuJ0Zg2LnpiMsf0V9l0enbzT8TdcD91HShYEJwueg=="
    },
    "node_modules/pattern-collector-routesjs-import": {
      "version": "1.4.7",
      "resolved": "https://registry.npmjs.org/pattern-collector-routesjs-import/-/pattern-collector-routesjs-import-1.4.7.tgz",
      "integrity": "sha512-+LpUZGO7rYx7bseopnXgo47KE/8gqM31edRzIIXZkQNaQg+JEPHqO7MYZ5JSWmajHlaBADcpryJtP5JZkFfH5A==",
      "dependencies": {
        "pattern-collector": "^1.5.10"
      }
    }
  }
}
